{
  "version": 4,
  "terraform_version": "1.5.2",
  "serial": 30,
  "lineage": "035e5a89-530d-040c-7e65-542241cc671a",
  "outputs": {
    "bastion_host_ip": {
      "value": "172.171.237.197",
      "type": "string"
    },
    "bastion_host_name": {
      "value": "tf-vnet1-override-bastion-host",
      "type": "string"
    },
    "subnets": {
      "value": [
        "GatewaySubnet",
        "AzureBastionSubnet",
        "default"
      ],
      "type": [
        "list",
        "string"
      ]
    },
    "vnet_id": {
      "value": "/subscriptions/b756ec64-dce1-4cc9-8177-beabd296d707/resourceGroups/tf_rg1/providers/Microsoft.Network/virtualNetworks/tf-vnet1",
      "type": "string"
    },
    "vnet_name": {
      "value": "tf-vnet1",
      "type": "string"
    }
  },
  "resources": [
    {
      "module": "module.rg1",
      "mode": "managed",
      "type": "azurerm_resource_group",
      "name": "rg",
      "provider": "provider[\"registry.terraform.io/hashicorp/azurerm\"]",
      "instances": [
        {
          "schema_version": 0,
          "attributes": {
            "id": "/subscriptions/b756ec64-dce1-4cc9-8177-beabd296d707/resourceGroups/tf_rg1",
            "location": "eastus",
            "managed_by": "",
            "name": "tf_rg1",
            "tags": null,
            "timeouts": null
          },
          "sensitive_attributes": [],
          "private": "eyJlMmJmYjczMC1lY2FhLTExZTYtOGY4OC0zNDM2M2JjN2M0YzAiOnsiY3JlYXRlIjo1NDAwMDAwMDAwMDAwLCJkZWxldGUiOjU0MDAwMDAwMDAwMDAsInJlYWQiOjMwMDAwMDAwMDAwMCwidXBkYXRlIjo1NDAwMDAwMDAwMDAwfX0="
        }
      ]
    },
    {
      "module": "module.vnet",
      "mode": "data",
      "type": "azurerm_subnet",
      "name": "bastion_subnet",
      "provider": "provider[\"registry.terraform.io/hashicorp/azurerm\"]",
      "instances": [
        {
          "schema_version": 0,
          "attributes": {
            "address_prefix": "10.1.2.0/26",
            "address_prefixes": [
              "10.1.2.0/26"
            ],
            "enforce_private_link_endpoint_network_policies": true,
            "enforce_private_link_service_network_policies": false,
            "id": "/subscriptions/b756ec64-dce1-4cc9-8177-beabd296d707/resourceGroups/tf_rg1/providers/Microsoft.Network/virtualNetworks/tf-vnet1/subnets/AzureBastionSubnet",
            "name": "AzureBastionSubnet",
            "network_security_group_id": "",
            "private_endpoint_network_policies_enabled": false,
            "private_link_service_network_policies_enabled": true,
            "resource_group_name": "tf_rg1",
            "route_table_id": "",
            "service_endpoints": [],
            "timeouts": null,
            "virtual_network_name": "tf-vnet1"
          },
          "sensitive_attributes": []
        }
      ]
    },
    {
      "module": "module.vnet",
      "mode": "managed",
      "type": "azurerm_bastion_host",
      "name": "vnetbastion",
      "provider": "provider[\"registry.terraform.io/hashicorp/azurerm\"]",
      "instances": [
        {
          "index_key": 0,
          "schema_version": 0,
          "attributes": {
            "copy_paste_enabled": true,
            "dns_name": "bst-652066a8-b34a-4968-a2e9-cf2118e2f4b2.bastion.azure.com",
            "file_copy_enabled": false,
            "id": "/subscriptions/b756ec64-dce1-4cc9-8177-beabd296d707/resourceGroups/tf_rg1/providers/Microsoft.Network/bastionHosts/tf-vnet1-override-bastion-host",
            "ip_configuration": [
              {
                "name": "tf-vnet1bastionconfig",
                "public_ip_address_id": "/subscriptions/b756ec64-dce1-4cc9-8177-beabd296d707/resourceGroups/tf_rg1/providers/Microsoft.Network/publicIPAddresses/tf-vnet1bastion-pip",
                "subnet_id": "/subscriptions/b756ec64-dce1-4cc9-8177-beabd296d707/resourceGroups/tf_rg1/providers/Microsoft.Network/virtualNetworks/tf-vnet1/subnets/AzureBastionSubnet"
              }
            ],
            "ip_connect_enabled": false,
            "location": "eastus",
            "name": "tf-vnet1-override-bastion-host",
            "resource_group_name": "tf_rg1",
            "scale_units": 2,
            "shareable_link_enabled": false,
            "sku": "Basic",
            "tags": null,
            "timeouts": null,
            "tunneling_enabled": false
          },
          "sensitive_attributes": [],
          "private": "eyJlMmJmYjczMC1lY2FhLTExZTYtOGY4OC0zNDM2M2JjN2M0YzAiOnsiY3JlYXRlIjoxODAwMDAwMDAwMDAwLCJkZWxldGUiOjE4MDAwMDAwMDAwMDAsInJlYWQiOjMwMDAwMDAwMDAwMCwidXBkYXRlIjoxODAwMDAwMDAwMDAwfX0=",
          "dependencies": [
            "module.rg1.azurerm_resource_group.rg",
            "module.vnet.azurerm_public_ip.bastionpip",
            "module.vnet.azurerm_virtual_network.vnet",
            "module.vnet.data.azurerm_subnet.bastion_subnet"
          ]
        }
      ]
    },
    {
      "module": "module.vnet",
      "mode": "managed",
      "type": "azurerm_public_ip",
      "name": "bastionpip",
      "provider": "provider[\"registry.terraform.io/hashicorp/azurerm\"]",
      "instances": [
        {
          "index_key": 0,
          "schema_version": 0,
          "attributes": {
            "allocation_method": "Static",
            "ddos_protection_mode": "VirtualNetworkInherited",
            "ddos_protection_plan_id": null,
            "domain_name_label": null,
            "edge_zone": "",
            "fqdn": null,
            "id": "/subscriptions/b756ec64-dce1-4cc9-8177-beabd296d707/resourceGroups/tf_rg1/providers/Microsoft.Network/publicIPAddresses/tf-vnet1bastion-pip",
            "idle_timeout_in_minutes": 4,
            "ip_address": "172.171.237.197",
            "ip_tags": null,
            "ip_version": "IPv4",
            "location": "eastus",
            "name": "tf-vnet1bastion-pip",
            "public_ip_prefix_id": null,
            "resource_group_name": "tf_rg1",
            "reverse_fqdn": null,
            "sku": "Standard",
            "sku_tier": "Regional",
            "tags": null,
            "timeouts": null,
            "zones": null
          },
          "sensitive_attributes": [],
          "private": "eyJlMmJmYjczMC1lY2FhLTExZTYtOGY4OC0zNDM2M2JjN2M0YzAiOnsiY3JlYXRlIjoxODAwMDAwMDAwMDAwLCJkZWxldGUiOjE4MDAwMDAwMDAwMDAsInJlYWQiOjMwMDAwMDAwMDAwMCwidXBkYXRlIjoxODAwMDAwMDAwMDAwfX0=",
          "dependencies": [
            "module.rg1.azurerm_resource_group.rg"
          ]
        }
      ]
    },
    {
      "module": "module.vnet",
      "mode": "managed",
      "type": "azurerm_virtual_network",
      "name": "vnet",
      "provider": "provider[\"registry.terraform.io/hashicorp/azurerm\"]",
      "instances": [
        {
          "schema_version": 0,
          "attributes": {
            "address_space": [
              "10.1.0.0/16"
            ],
            "bgp_community": "",
            "ddos_protection_plan": [],
            "dns_servers": [],
            "edge_zone": "",
            "flow_timeout_in_minutes": 0,
            "guid": "e4ea703a-635a-4099-9678-ecb034f5df5b",
            "id": "/subscriptions/b756ec64-dce1-4cc9-8177-beabd296d707/resourceGroups/tf_rg1/providers/Microsoft.Network/virtualNetworks/tf-vnet1",
            "location": "eastus",
            "name": "tf-vnet1",
            "resource_group_name": "tf_rg1",
            "subnet": [
              {
                "address_prefix": "10.1.1.0/24",
                "id": "/subscriptions/b756ec64-dce1-4cc9-8177-beabd296d707/resourceGroups/tf_rg1/providers/Microsoft.Network/virtualNetworks/tf-vnet1/subnets/GatewaySubnet",
                "name": "GatewaySubnet",
                "security_group": ""
              },
              {
                "address_prefix": "10.1.2.0/26",
                "id": "/subscriptions/b756ec64-dce1-4cc9-8177-beabd296d707/resourceGroups/tf_rg1/providers/Microsoft.Network/virtualNetworks/tf-vnet1/subnets/AzureBastionSubnet",
                "name": "AzureBastionSubnet",
                "security_group": ""
              },
              {
                "address_prefix": "10.1.3.0/24",
                "id": "/subscriptions/b756ec64-dce1-4cc9-8177-beabd296d707/resourceGroups/tf_rg1/providers/Microsoft.Network/virtualNetworks/tf-vnet1/subnets/default",
                "name": "default",
                "security_group": ""
              }
            ],
            "tags": null,
            "timeouts": null
          },
          "sensitive_attributes": [],
          "private": "eyJlMmJmYjczMC1lY2FhLTExZTYtOGY4OC0zNDM2M2JjN2M0YzAiOnsiY3JlYXRlIjoxODAwMDAwMDAwMDAwLCJkZWxldGUiOjE4MDAwMDAwMDAwMDAsInJlYWQiOjMwMDAwMDAwMDAwMCwidXBkYXRlIjoxODAwMDAwMDAwMDAwfX0=",
          "dependencies": [
            "module.rg1.azurerm_resource_group.rg"
          ]
        }
      ]
    }
  ],
  "check_results": null
}
