{
  "version": 4,
  "terraform_version": "1.5.2",
  "serial": 89,
  "lineage": "a7a6dafc-f72d-839e-b9fa-125cf97c36b1",
  "outputs": {
    "bastion_host_ip": {
      "value": "Bastion Not Enabled",
      "type": "string"
    },
    "bastion_host_name": {
      "value": "Bastion Not Enabled",
      "type": "string"
    },
    "subnets": {
      "value": [
        "GatewaySubnet",
        "AzureBastionSubnet",
        "default"
      ],
      "type": [
        "list",
        "string"
      ]
    },
    "vnet_id": {
      "value": "/subscriptions/b756ec64-dce1-4cc9-8177-beabd296d707/resourceGroups/tf_rg1/providers/Microsoft.Network/virtualNetworks/tf-vnet1",
      "type": "string"
    },
    "vnet_name": {
      "value": "tf-vnet1",
      "type": "string"
    }
  },
  "resources": [
    {
      "module": "module.rg1",
      "mode": "managed",
      "type": "azurerm_resource_group",
      "name": "rg",
      "provider": "provider[\"registry.terraform.io/hashicorp/azurerm\"]",
      "instances": [
        {
          "schema_version": 0,
          "attributes": {
            "id": "/subscriptions/b756ec64-dce1-4cc9-8177-beabd296d707/resourceGroups/tf_rg1",
            "location": "eastus",
            "managed_by": "",
            "name": "tf_rg1",
            "tags": null,
            "timeouts": null
          },
          "sensitive_attributes": [],
          "private": "eyJlMmJmYjczMC1lY2FhLTExZTYtOGY4OC0zNDM2M2JjN2M0YzAiOnsiY3JlYXRlIjo1NDAwMDAwMDAwMDAwLCJkZWxldGUiOjU0MDAwMDAwMDAwMDAsInJlYWQiOjMwMDAwMDAwMDAwMCwidXBkYXRlIjo1NDAwMDAwMDAwMDAwfX0="
        }
      ]
    },
    {
      "module": "module.vnet",
      "mode": "data",
      "type": "azurerm_subnet",
      "name": "bastion_subnet",
      "provider": "provider[\"registry.terraform.io/hashicorp/azurerm\"]",
      "instances": [
        {
          "schema_version": 0,
          "attributes": {
            "address_prefix": "10.1.2.0/26",
            "address_prefixes": [
              "10.1.2.0/26"
            ],
            "enforce_private_link_endpoint_network_policies": true,
            "enforce_private_link_service_network_policies": false,
            "id": "/subscriptions/b756ec64-dce1-4cc9-8177-beabd296d707/resourceGroups/tf_rg1/providers/Microsoft.Network/virtualNetworks/tf-vnet1/subnets/AzureBastionSubnet",
            "name": "AzureBastionSubnet",
            "network_security_group_id": "",
            "private_endpoint_network_policies_enabled": false,
            "private_link_service_network_policies_enabled": true,
            "resource_group_name": "tf_rg1",
            "route_table_id": "",
            "service_endpoints": [],
            "timeouts": null,
            "virtual_network_name": "tf-vnet1"
          },
          "sensitive_attributes": []
        }
      ]
    },
    {
      "module": "module.vnet",
      "mode": "managed",
      "type": "azurerm_virtual_network",
      "name": "vnet",
      "provider": "provider[\"registry.terraform.io/hashicorp/azurerm\"]",
      "instances": [
        {
          "schema_version": 0,
          "attributes": {
            "address_space": [
              "10.1.0.0/16"
            ],
            "bgp_community": "",
            "ddos_protection_plan": [],
            "dns_servers": [],
            "edge_zone": "",
            "flow_timeout_in_minutes": 0,
            "guid": "5fce0251-7848-453c-a911-c2f7148f7f60",
            "id": "/subscriptions/b756ec64-dce1-4cc9-8177-beabd296d707/resourceGroups/tf_rg1/providers/Microsoft.Network/virtualNetworks/tf-vnet1",
            "location": "eastus",
            "name": "tf-vnet1",
            "resource_group_name": "tf_rg1",
            "subnet": [
              {
                "address_prefix": "10.1.1.0/24",
                "id": "/subscriptions/b756ec64-dce1-4cc9-8177-beabd296d707/resourceGroups/tf_rg1/providers/Microsoft.Network/virtualNetworks/tf-vnet1/subnets/GatewaySubnet",
                "name": "GatewaySubnet",
                "security_group": ""
              },
              {
                "address_prefix": "10.1.2.0/26",
                "id": "/subscriptions/b756ec64-dce1-4cc9-8177-beabd296d707/resourceGroups/tf_rg1/providers/Microsoft.Network/virtualNetworks/tf-vnet1/subnets/AzureBastionSubnet",
                "name": "AzureBastionSubnet",
                "security_group": ""
              },
              {
                "address_prefix": "10.1.3.0/24",
                "id": "/subscriptions/b756ec64-dce1-4cc9-8177-beabd296d707/resourceGroups/tf_rg1/providers/Microsoft.Network/virtualNetworks/tf-vnet1/subnets/default",
                "name": "default",
                "security_group": ""
              }
            ],
            "tags": null,
            "timeouts": null
          },
          "sensitive_attributes": [],
          "private": "eyJlMmJmYjczMC1lY2FhLTExZTYtOGY4OC0zNDM2M2JjN2M0YzAiOnsiY3JlYXRlIjoxODAwMDAwMDAwMDAwLCJkZWxldGUiOjE4MDAwMDAwMDAwMDAsInJlYWQiOjMwMDAwMDAwMDAwMCwidXBkYXRlIjoxODAwMDAwMDAwMDAwfX0=",
          "dependencies": [
            "module.rg1.azurerm_resource_group.rg"
          ]
        }
      ]
    }
  ],
  "check_results": null
}
